// !$*UTF8*$!
{
	archiveVersion = 1;
	classes = {
	};
	objectVersion = 48;
	objects = {

/* Begin PBXBuildFile section */
		A91EF73F1EF6A5FB00977DE5 /* AppDelegate.swift in Sources */ = {isa = PBXBuildFile; fileRef = A91EF73E1EF6A5FB00977DE5 /* AppDelegate.swift */; };
		A91EF7441EF6A5FB00977DE5 /* Main.storyboard in Resources */ = {isa = PBXBuildFile; fileRef = A91EF7421EF6A5FB00977DE5 /* Main.storyboard */; };
		A91EF7461EF6A5FB00977DE5 /* Assets.xcassets in Resources */ = {isa = PBXBuildFile; fileRef = A91EF7451EF6A5FB00977DE5 /* Assets.xcassets */; };
		A91EF7491EF6A5FB00977DE5 /* LaunchScreen.storyboard in Resources */ = {isa = PBXBuildFile; fileRef = A91EF7471EF6A5FB00977DE5 /* LaunchScreen.storyboard */; };
		A91EF7541EF6A5FB00977DE5 /* AmazingCacheSampleTests.swift in Sources */ = {isa = PBXBuildFile; fileRef = A91EF7531EF6A5FB00977DE5 /* AmazingCacheSampleTests.swift */; };
		A91EF7671EF6AA0800977DE5 /* AmazingCache.framework in Frameworks */ = {isa = PBXBuildFile; fileRef = A91EF7641EF6A8F400977DE5 /* AmazingCache.framework */; };
		A91EF7681EF6AA0800977DE5 /* AmazingCache.framework in Embed Frameworks */ = {isa = PBXBuildFile; fileRef = A91EF7641EF6A8F400977DE5 /* AmazingCache.framework */; settings = {ATTRIBUTES = (CodeSignOnCopy, RemoveHeadersOnCopy, ); }; };
		A92241A41EFB8D37001ED521 /* UIImageView.swift in Sources */ = {isa = PBXBuildFile; fileRef = A92241A31EFB8D37001ED521 /* UIImageView.swift */; };
		A93167351EFA05F000549C3D /* JSON.xcassets in Resources */ = {isa = PBXBuildFile; fileRef = A93167341EFA05EF00549C3D /* JSON.xcassets */; };
		A93167361EFA05F000549C3D /* JSON.xcassets in Resources */ = {isa = PBXBuildFile; fileRef = A93167341EFA05EF00549C3D /* JSON.xcassets */; };
		A93167391EFA0B3300549C3D /* HomeViewModel.swift in Sources */ = {isa = PBXBuildFile; fileRef = A93167381EFA0B3300549C3D /* HomeViewModel.swift */; };
		A931673B1EFA12BF00549C3D /* HomeCollectionViewController.swift in Sources */ = {isa = PBXBuildFile; fileRef = A931673A1EFA12BF00549C3D /* HomeCollectionViewController.swift */; };
		A931673E1EFA15A800549C3D /* Card.swift in Sources */ = {isa = PBXBuildFile; fileRef = A931673D1EFA15A800549C3D /* Card.swift */; };
		A93167401EFA327000549C3D /* HomeCollectionViewCell.swift in Sources */ = {isa = PBXBuildFile; fileRef = A931673F1EFA327000549C3D /* HomeCollectionViewCell.swift */; };
/* End PBXBuildFile section */

/* Begin PBXContainerItemProxy section */
		A91EF7501EF6A5FB00977DE5 /* PBXContainerItemProxy */ = {
			isa = PBXContainerItemProxy;
			containerPortal = A91EF7331EF6A5FA00977DE5 /* Project object */;
			proxyType = 1;
			remoteGlobalIDString = A91EF73A1EF6A5FB00977DE5;
			remoteInfo = AmazingCacheSample;
		};
		A91EF7631EF6A8F400977DE5 /* PBXContainerItemProxy */ = {
			isa = PBXContainerItemProxy;
			containerPortal = A91EF75E1EF6A8F400977DE5 /* AmazingCache.xcodeproj */;
			proxyType = 2;
			remoteGlobalIDString = A97A27DC1EF576D300559455;
			remoteInfo = AmazingCache;
		};
		A91EF7651EF6A8F400977DE5 /* PBXContainerItemProxy */ = {
			isa = PBXContainerItemProxy;
			containerPortal = A91EF75E1EF6A8F400977DE5 /* AmazingCache.xcodeproj */;
			proxyType = 2;
			remoteGlobalIDString = A97A27E51EF576D300559455;
			remoteInfo = AmazingCacheTests;
		};
		A91EF7691EF6AA0800977DE5 /* PBXContainerItemProxy */ = {
			isa = PBXContainerItemProxy;
			containerPortal = A91EF75E1EF6A8F400977DE5 /* AmazingCache.xcodeproj */;
			proxyType = 1;
			remoteGlobalIDString = A97A27DB1EF576D300559455;
			remoteInfo = AmazingCache;
		};
/* End PBXContainerItemProxy section */

/* Begin PBXCopyFilesBuildPhase section */
		A91EF76B1EF6AA0800977DE5 /* Embed Frameworks */ = {
			isa = PBXCopyFilesBuildPhase;
			buildActionMask = 2147483647;
			dstPath = "";
			dstSubfolderSpec = 10;
			files = (
				A91EF7681EF6AA0800977DE5 /* AmazingCache.framework in Embed Frameworks */,
			);
			name = "Embed Frameworks";
			runOnlyForDeploymentPostprocessing = 0;
		};
/* End PBXCopyFilesBuildPhase section */

/* Begin PBXFileReference section */
		A91EF73B1EF6A5FB00977DE5 /* AmazingCacheSample.app */ = {isa = PBXFileReference; explicitFileType = wrapper.application; includeInIndex = 0; path = AmazingCacheSample.app; sourceTree = BUILT_PRODUCTS_DIR; };
		A91EF73E1EF6A5FB00977DE5 /* AppDelegate.swift */ = {isa = PBXFileReference; lastKnownFileType = sourcecode.swift; path = AppDelegate.swift; sourceTree = "<group>"; };
		A91EF7431EF6A5FB00977DE5 /* Base */ = {isa = PBXFileReference; lastKnownFileType = file.storyboard; name = Base; path = Base.lproj/Main.storyboard; sourceTree = "<group>"; };
		A91EF7451EF6A5FB00977DE5 /* Assets.xcassets */ = {isa = PBXFileReference; lastKnownFileType = folder.assetcatalog; path = Assets.xcassets; sourceTree = "<group>"; };
		A91EF7481EF6A5FB00977DE5 /* Base */ = {isa = PBXFileReference; lastKnownFileType = file.storyboard; name = Base; path = Base.lproj/LaunchScreen.storyboard; sourceTree = "<group>"; };
		A91EF74A1EF6A5FB00977DE5 /* Info.plist */ = {isa = PBXFileReference; lastKnownFileType = text.plist.xml; path = Info.plist; sourceTree = "<group>"; };
		A91EF74F1EF6A5FB00977DE5 /* AmazingCacheSampleTests.xctest */ = {isa = PBXFileReference; explicitFileType = wrapper.cfbundle; includeInIndex = 0; path = AmazingCacheSampleTests.xctest; sourceTree = BUILT_PRODUCTS_DIR; };
		A91EF7531EF6A5FB00977DE5 /* AmazingCacheSampleTests.swift */ = {isa = PBXFileReference; lastKnownFileType = sourcecode.swift; path = AmazingCacheSampleTests.swift; sourceTree = "<group>"; };
		A91EF7551EF6A5FB00977DE5 /* Info.plist */ = {isa = PBXFileReference; lastKnownFileType = text.plist.xml; path = Info.plist; sourceTree = "<group>"; };
		A91EF75E1EF6A8F400977DE5 /* AmazingCache.xcodeproj */ = {isa = PBXFileReference; lastKnownFileType = "wrapper.pb-project"; name = AmazingCache.xcodeproj; path = ../AmazingCache.xcodeproj; sourceTree = "<group>"; };
		A92241A31EFB8D37001ED521 /* UIImageView.swift */ = {isa = PBXFileReference; lastKnownFileType = sourcecode.swift; path = UIImageView.swift; sourceTree = "<group>"; };
		A93167341EFA05EF00549C3D /* JSON.xcassets */ = {isa = PBXFileReference; lastKnownFileType = folder.assetcatalog; path = JSON.xcassets; sourceTree = "<group>"; };
		A93167381EFA0B3300549C3D /* HomeViewModel.swift */ = {isa = PBXFileReference; lastKnownFileType = sourcecode.swift; path = HomeViewModel.swift; sourceTree = "<group>"; };
		A931673A1EFA12BF00549C3D /* HomeCollectionViewController.swift */ = {isa = PBXFileReference; lastKnownFileType = sourcecode.swift; path = HomeCollectionViewController.swift; sourceTree = "<group>"; };
		A931673D1EFA15A800549C3D /* Card.swift */ = {isa = PBXFileReference; lastKnownFileType = sourcecode.swift; path = Card.swift; sourceTree = "<group>"; };
		A931673F1EFA327000549C3D /* HomeCollectionViewCell.swift */ = {isa = PBXFileReference; lastKnownFileType = sourcecode.swift; path = HomeCollectionViewCell.swift; sourceTree = "<group>"; };
/* End PBXFileReference section */

/* Begin PBXFrameworksBuildPhase section */
		A91EF7381EF6A5FB00977DE5 /* Frameworks */ = {
			isa = PBXFrameworksBuildPhase;
			buildActionMask = 2147483647;
			files = (
				A91EF7671EF6AA0800977DE5 /* AmazingCache.framework in Frameworks */,
			);
			runOnlyForDeploymentPostprocessing = 0;
		};
		A91EF74C1EF6A5FB00977DE5 /* Frameworks */ = {
			isa = PBXFrameworksBuildPhase;
			buildActionMask = 2147483647;
			files = (
			);
			runOnlyForDeploymentPostprocessing = 0;
		};
/* End PBXFrameworksBuildPhase section */

/* Begin PBXGroup section */
		A91EF7321EF6A5FA00977DE5 = {
			isa = PBXGroup;
			children = (
				A91EF75E1EF6A8F400977DE5 /* AmazingCache.xcodeproj */,
				A91EF73D1EF6A5FB00977DE5 /* AmazingCacheSample */,
				A91EF7521EF6A5FB00977DE5 /* AmazingCacheSampleTests */,
				A91EF73C1EF6A5FB00977DE5 /* Products */,
			);
			sourceTree = "<group>";
		};
		A91EF73C1EF6A5FB00977DE5 /* Products */ = {
			isa = PBXGroup;
			children = (
				A91EF73B1EF6A5FB00977DE5 /* AmazingCacheSample.app */,
				A91EF74F1EF6A5FB00977DE5 /* AmazingCacheSampleTests.xctest */,
			);
			name = Products;
			sourceTree = "<group>";
		};
		A91EF73D1EF6A5FB00977DE5 /* AmazingCacheSample */ = {
			isa = PBXGroup;
			children = (
				A92241A11EFB8D13001ED521 /* Extensions */,
				A931673C1EFA157600549C3D /* Model */,
				A93167331EFA04F300549C3D /* ViewModel */,
				A93167321EFA04E200549C3D /* View */,
				A93167301EFA04CC00549C3D /* Support */,
				A91EF7451EF6A5FB00977DE5 /* Assets.xcassets */,
				A93167341EFA05EF00549C3D /* JSON.xcassets */,
			);
			path = AmazingCacheSample;
			sourceTree = "<group>";
		};
		A91EF7521EF6A5FB00977DE5 /* AmazingCacheSampleTests */ = {
			isa = PBXGroup;
			children = (
				A91EF7531EF6A5FB00977DE5 /* AmazingCacheSampleTests.swift */,
				A91EF7551EF6A5FB00977DE5 /* Info.plist */,
			);
			path = AmazingCacheSampleTests;
			sourceTree = "<group>";
		};
		A91EF75F1EF6A8F400977DE5 /* Products */ = {
			isa = PBXGroup;
			children = (
				A91EF7641EF6A8F400977DE5 /* AmazingCache.framework */,
				A91EF7661EF6A8F400977DE5 /* AmazingCacheTests.xctest */,
			);
			name = Products;
			sourceTree = "<group>";
		};
		A92241A11EFB8D13001ED521 /* Extensions */ = {
			isa = PBXGroup;
			children = (
				A92241A31EFB8D37001ED521 /* UIImageView.swift */,
			);
			path = Extensions;
			sourceTree = "<group>";
		};
		A93167301EFA04CC00549C3D /* Support */ = {
			isa = PBXGroup;
			children = (
				A91EF7471EF6A5FB00977DE5 /* LaunchScreen.storyboard */,
				A91EF74A1EF6A5FB00977DE5 /* Info.plist */,
				A91EF73E1EF6A5FB00977DE5 /* AppDelegate.swift */,
			);
			path = Support;
			sourceTree = "<group>";
		};
		A93167321EFA04E200549C3D /* View */ = {
			isa = PBXGroup;
			children = (
				A93167371EFA0AC600549C3D /* Home */,
				A91EF7421EF6A5FB00977DE5 /* Main.storyboard */,
			);
			path = View;
			sourceTree = "<group>";
		};
		A93167331EFA04F300549C3D /* ViewModel */ = {
			isa = PBXGroup;
			children = (
				A93167381EFA0B3300549C3D /* HomeViewModel.swift */,
			);
			path = ViewModel;
			sourceTree = "<group>";
		};
		A93167371EFA0AC600549C3D /* Home */ = {
			isa = PBXGroup;
			children = (
				A931673A1EFA12BF00549C3D /* HomeCollectionViewController.swift */,
				A931673F1EFA327000549C3D /* HomeCollectionViewCell.swift */,
			);
			path = Home;
			sourceTree = "<group>";
		};
		A931673C1EFA157600549C3D /* Model */ = {
			isa = PBXGroup;
			children = (
				A931673D1EFA15A800549C3D /* Card.swift */,
			);
			path = Model;
			sourceTree = "<group>";
		};
/* End PBXGroup section */

/* Begin PBXNativeTarget section */
		A91EF73A1EF6A5FB00977DE5 /* AmazingCacheSample */ = {
			isa = PBXNativeTarget;
			buildConfigurationList = A91EF7581EF6A5FB00977DE5 /* Build configuration list for PBXNativeTarget "AmazingCacheSample" */;
			buildPhases = (
				A91EF7371EF6A5FB00977DE5 /* Sources */,
				A91EF7381EF6A5FB00977DE5 /* Frameworks */,
				A91EF7391EF6A5FB00977DE5 /* Resources */,
				A91EF76B1EF6AA0800977DE5 /* Embed Frameworks */,
			);
			buildRules = (
			);
			dependencies = (
				A91EF76A1EF6AA0800977DE5 /* PBXTargetDependency */,
			);
			name = AmazingCacheSample;
			productName = AmazingCacheSample;
			productReference = A91EF73B1EF6A5FB00977DE5 /* AmazingCacheSample.app */;
			productType = "com.apple.product-type.application";
		};
		A91EF74E1EF6A5FB00977DE5 /* AmazingCacheSampleTests */ = {
			isa = PBXNativeTarget;
			buildConfigurationList = A91EF75B1EF6A5FB00977DE5 /* Build configuration list for PBXNativeTarget "AmazingCacheSampleTests" */;
			buildPhases = (
				A91EF74B1EF6A5FB00977DE5 /* Sources */,
				A91EF74C1EF6A5FB00977DE5 /* Frameworks */,
				A91EF74D1EF6A5FB00977DE5 /* Resources */,
			);
			buildRules = (
			);
			dependencies = (
				A91EF7511EF6A5FB00977DE5 /* PBXTargetDependency */,
			);
			name = AmazingCacheSampleTests;
			productName = AmazingCacheSampleTests;
			productReference = A91EF74F1EF6A5FB00977DE5 /* AmazingCacheSampleTests.xctest */;
			productType = "com.apple.product-type.bundle.unit-test";
		};
/* End PBXNativeTarget section */

/* Begin PBXProject section */
		A91EF7331EF6A5FA00977DE5 /* Project object */ = {
			isa = PBXProject;
			attributes = {
				LastSwiftUpdateCheck = 0900;
				LastUpgradeCheck = 0900;
				ORGANIZATIONNAME = "Bruno Barbosa";
				TargetAttributes = {
					A91EF73A1EF6A5FB00977DE5 = {
						CreatedOnToolsVersion = 9.0;
					};
					A91EF74E1EF6A5FB00977DE5 = {
						CreatedOnToolsVersion = 9.0;
						TestTargetID = A91EF73A1EF6A5FB00977DE5;
					};
				};
			};
			buildConfigurationList = A91EF7361EF6A5FA00977DE5 /* Build configuration list for PBXProject "AmazingCacheSample" */;
			compatibilityVersion = "Xcode 8.0";
			developmentRegion = en;
			hasScannedForEncodings = 0;
			knownRegions = (
				en,
				Base,
			);
			mainGroup = A91EF7321EF6A5FA00977DE5;
			productRefGroup = A91EF73C1EF6A5FB00977DE5 /* Products */;
			projectDirPath = "";
			projectReferences = (
				{
					ProductGroup = A91EF75F1EF6A8F400977DE5 /* Products */;
					ProjectRef = A91EF75E1EF6A8F400977DE5 /* AmazingCache.xcodeproj */;
				},
			);
			projectRoot = "";
			targets = (
				A91EF73A1EF6A5FB00977DE5 /* AmazingCacheSample */,
				A91EF74E1EF6A5FB00977DE5 /* AmazingCacheSampleTests */,
			);
		};
/* End PBXProject section */

/* Begin PBXReferenceProxy section */
		A91EF7641EF6A8F400977DE5 /* AmazingCache.framework */ = {
			isa = PBXReferenceProxy;
			fileType = wrapper.framework;
			path = AmazingCache.framework;
			remoteRef = A91EF7631EF6A8F400977DE5 /* PBXContainerItemProxy */;
			sourceTree = BUILT_PRODUCTS_DIR;
		};
		A91EF7661EF6A8F400977DE5 /* AmazingCacheTests.xctest */ = {
			isa = PBXReferenceProxy;
			fileType = wrapper.cfbundle;
			path = AmazingCacheTests.xctest;
			remoteRef = A91EF7651EF6A8F400977DE5 /* PBXContainerItemProxy */;
			sourceTree = BUILT_PRODUCTS_DIR;
		};
/* End PBXReferenceProxy section */

/* Begin PBXResourcesBuildPhase section */
		A91EF7391EF6A5FB00977DE5 /* Resources */ = {
			isa = PBXResourcesBuildPhase;
			buildActionMask = 2147483647;
			files = (
				A91EF7491EF6A5FB00977DE5 /* LaunchScreen.storyboard in Resources */,
				A91EF7461EF6A5FB00977DE5 /* Assets.xcassets in Resources */,
				A91EF7441EF6A5FB00977DE5 /* Main.storyboard in Resources */,
				A93167351EFA05F000549C3D /* JSON.xcassets in Resources */,
			);
			runOnlyForDeploymentPostprocessing = 0;
		};
		A91EF74D1EF6A5FB00977DE5 /* Resources */ = {
			isa = PBXResourcesBuildPhase;
			buildActionMask = 2147483647;
			files = (
				A93167361EFA05F000549C3D /* JSON.xcassets in Resources */,
			);
			runOnlyForDeploymentPostprocessing = 0;
		};
/* End PBXResourcesBuildPhase section */

/* Begin PBXSourcesBuildPhase section */
		A91EF7371EF6A5FB00977DE5 /* Sources */ = {
			isa = PBXSourcesBuildPhase;
			buildActionMask = 2147483647;
			files = (
				A931673B1EFA12BF00549C3D /* HomeCollectionViewController.swift in Sources */,
				A92241A41EFB8D37001ED521 /* UIImageView.swift in Sources */,
				A931673E1EFA15A800549C3D /* Card.swift in Sources */,
				A93167391EFA0B3300549C3D /* HomeViewModel.swift in Sources */,
				A91EF73F1EF6A5FB00977DE5 /* AppDelegate.swift in Sources */,
				A93167401EFA327000549C3D /* HomeCollectionViewCell.swift in Sources */,
			);
			runOnlyForDeploymentPostprocessing = 0;
		};
		A91EF74B1EF6A5FB00977DE5 /* Sources */ = {
			isa = PBXSourcesBuildPhase;
			buildActionMask = 2147483647;
			files = (
				A91EF7541EF6A5FB00977DE5 /* AmazingCacheSampleTests.swift in Sources */,
			);
			runOnlyForDeploymentPostprocessing = 0;
		};
/* End PBXSourcesBuildPhase section */

/* Begin PBXTargetDependency section */
		A91EF7511EF6A5FB00977DE5 /* PBXTargetDependency */ = {
			isa = PBXTargetDependency;
			target = A91EF73A1EF6A5FB00977DE5 /* AmazingCacheSample */;
			targetProxy = A91EF7501EF6A5FB00977DE5 /* PBXContainerItemProxy */;
		};
		A91EF76A1EF6AA0800977DE5 /* PBXTargetDependency */ = {
			isa = PBXTargetDependency;
			name = AmazingCache;
			targetProxy = A91EF7691EF6AA0800977DE5 /* PBXContainerItemProxy */;
		};
/* End PBXTargetDependency section */

/* Begin PBXVariantGroup section */
		A91EF7421EF6A5FB00977DE5 /* Main.storyboard */ = {
			isa = PBXVariantGroup;
			children = (
				A91EF7431EF6A5FB00977DE5 /* Base */,
			);
			name = Main.storyboard;
			sourceTree = "<group>";
		};
		A91EF7471EF6A5FB00977DE5 /* LaunchScreen.storyboard */ = {
			isa = PBXVariantGroup;
			children = (
				A91EF7481EF6A5FB00977DE5 /* Base */,
			);
			name = LaunchScreen.storyboard;
			sourceTree = "<group>";
		};
/* End PBXVariantGroup section */

/* Begin XCBuildConfiguration section */
		A91EF7561EF6A5FB00977DE5 /* Debug */ = {
			isa = XCBuildConfiguration;
			buildSettings = {
				ALWAYS_SEARCH_USER_PATHS = NO;
				CLANG_ANALYZER_NONNULL = YES;
				CLANG_ANALYZER_NUMBER_OBJECT_CONVERSION = YES_AGGRESSIVE;
				CLANG_CXX_LANGUAGE_STANDARD = "gnu++14";
				CLANG_CXX_LIBRARY = "libc++";
				CLANG_ENABLE_MODULES = YES;
				CLANG_ENABLE_OBJC_ARC = YES;
				CLANG_WARN_BLOCK_CAPTURE_AUTORELEASING = YES;
				CLANG_WARN_BOOL_CONVERSION = YES;
				CLANG_WARN_COMMA = YES;
				CLANG_WARN_CONSTANT_CONVERSION = YES;
				CLANG_WARN_DIRECT_OBJC_ISA_USAGE = YES_ERROR;
				CLANG_WARN_DOCUMENTATION_COMMENTS = YES;
				CLANG_WARN_EMPTY_BODY = YES;
				CLANG_WARN_ENUM_CONVERSION = YES;
				CLANG_WARN_INFINITE_RECURSION = YES;
				CLANG_WARN_INT_CONVERSION = YES;
				CLANG_WARN_OBJC_ROOT_CLASS = YES_ERROR;
				CLANG_WARN_RANGE_LOOP_ANALYSIS = YES;
				CLANG_WARN_STRICT_PROTOTYPES = YES;
				CLANG_WARN_SUSPICIOUS_MOVE = YES;
				CLANG_WARN_UNGUARDED_AVAILABILITY = YES_AGGRESSIVE;
				CLANG_WARN_UNREACHABLE_CODE = YES;
				CLANG_WARN__DUPLICATE_METHOD_MATCH = YES;
				CODE_SIGN_IDENTITY = "iPhone Developer";
				COPY_PHASE_STRIP = NO;
				DEBUG_INFORMATION_FORMAT = dwarf;
				ENABLE_STRICT_OBJC_MSGSEND = YES;
				ENABLE_TESTABILITY = YES;
				GCC_C_LANGUAGE_STANDARD = gnu11;
				GCC_DYNAMIC_NO_PIC = NO;
				GCC_NO_COMMON_BLOCKS = YES;
				GCC_OPTIMIZATION_LEVEL = 0;
				GCC_PREPROCESSOR_DEFINITIONS = (
					"DEBUG=1",
					"$(inherited)",
				);
				GCC_WARN_64_TO_32_BIT_CONVERSION = YES;
				GCC_WARN_ABOUT_RETURN_TYPE = YES_ERROR;
				GCC_WARN_UNDECLARED_SELECTOR = YES;
				GCC_WARN_UNINITIALIZED_AUTOS = YES_AGGRESSIVE;
				GCC_WARN_UNUSED_FUNCTION = YES;
				GCC_WARN_UNUSED_VARIABLE = YES;
				IPHONEOS_DEPLOYMENT_TARGET = 10.3;
				MTL_ENABLE_DEBUG_INFO = YES;
				ONLY_ACTIVE_ARCH = YES;
				SDKROOT = iphoneos;
				SWIFT_ACTIVE_COMPILATION_CONDITIONS = DEBUG;
				SWIFT_OPTIMIZATION_LEVEL = "-Onone";
				SWIFT_VERSION = 3.0;
			};
			name = Debug;
		};
		A91EF7571EF6A5FB00977DE5 /* Release */ = {
			isa = XCBuildConfiguration;
			buildSettings = {
				ALWAYS_SEARCH_USER_PATHS = NO;
				CLANG_ANALYZER_NONNULL = YES;
				CLANG_ANALYZER_NUMBER_OBJECT_CONVERSION = YES_AGGRESSIVE;
				CLANG_CXX_LANGUAGE_STANDARD = "gnu++14";
				CLANG_CXX_LIBRARY = "libc++";
				CLANG_ENABLE_MODULES = YES;
				CLANG_ENABLE_OBJC_ARC = YES;
				CLANG_WARN_BLOCK_CAPTURE_AUTORELEASING = YES;
				CLANG_WARN_BOOL_CONVERSION = YES;
				CLANG_WARN_COMMA = YES;
				CLANG_WARN_CONSTANT_CONVERSION = YES;
				CLANG_WARN_DIRECT_OBJC_ISA_USAGE = YES_ERROR;
				CLANG_WARN_DOCUMENTATION_COMMENTS = YES;
				CLANG_WARN_EMPTY_BODY = YES;
				CLANG_WARN_ENUM_CONVERSION = YES;
				CLANG_WARN_INFINITE_RECURSION = YES;
				CLANG_WARN_INT_CONVERSION = YES;
				CLANG_WARN_OBJC_ROOT_CLASS = YES_ERROR;
				CLANG_WARN_RANGE_LOOP_ANALYSIS = YES;
				CLANG_WARN_STRICT_PROTOTYPES = YES;
				CLANG_WARN_SUSPICIOUS_MOVE = YES;
				CLANG_WARN_UNGUARDED_AVAILABILITY = YES_AGGRESSIVE;
				CLANG_WARN_UNREACHABLE_CODE = YES;
				CLANG_WARN__DUPLICATE_METHOD_MATCH = YES;
				CODE_SIGN_IDENTITY = "iPhone Developer";
				COPY_PHASE_STRIP = NO;
				DEBUG_INFORMATION_FORMAT = "dwarf-with-dsym";
				ENABLE_NS_ASSERTIONS = NO;
				ENABLE_STRICT_OBJC_MSGSEND = YES;
				GCC_C_LANGUAGE_STANDARD = gnu11;
				GCC_NO_COMMON_BLOCKS = YES;
				GCC_WARN_64_TO_32_BIT_CONVERSION = YES;
				GCC_WARN_ABOUT_RETURN_TYPE = YES_ERROR;
				GCC_WARN_UNDECLARED_SELECTOR = YES;
				GCC_WARN_UNINITIALIZED_AUTOS = YES_AGGRESSIVE;
				GCC_WARN_UNUSED_FUNCTION = YES;
				GCC_WARN_UNUSED_VARIABLE = YES;
				IPHONEOS_DEPLOYMENT_TARGET = 10.3;
				MTL_ENABLE_DEBUG_INFO = NO;
				SDKROOT = iphoneos;
				SWIFT_OPTIMIZATION_LEVEL = "-Owholemodule";
				SWIFT_VERSION = 3.0;
				VALIDATE_PRODUCT = YES;
			};
			name = Release;
		};
		A91EF7591EF6A5FB00977DE5 /* Debug */ = {
			isa = XCBuildConfiguration;
			buildSettings = {
				ALWAYS_EMBED_SWIFT_STANDARD_LIBRARIES = YES;
				ASSETCATALOG_COMPILER_APPICON_NAME = AppIcon;
				INFOPLIST_FILE = AmazingCacheSample/Support/Info.plist;
				LD_RUNPATH_SEARCH_PATHS = "$(inherited) @executable_path/Frameworks";
				PRODUCT_BUNDLE_IDENTIFIER = com.brbs.AmazingCacheSample;
				PRODUCT_NAME = "$(TARGET_NAME)";
				SWIFT_VERSION = 3.0;
				TARGETED_DEVICE_FAMILY = "1,2";
			};
			name = Debug;
		};
		A91EF75A1EF6A5FB00977DE5 /* Release */ = {
			isa = XCBuildConfiguration;
			buildSettings = {
				ALWAYS_EMBED_SWIFT_STANDARD_LIBRARIES = YES;
				ASSETCATALOG_COMPILER_APPICON_NAME = AppIcon;
				INFOPLIST_FILE = AmazingCacheSample/Support/Info.plist;
				LD_RUNPATH_SEARCH_PATHS = "$(inherited) @executable_path/Frameworks";
				PRODUCT_BUNDLE_IDENTIFIER = com.brbs.AmazingCacheSample;
				PRODUCT_NAME = "$(TARGET_NAME)";
				SWIFT_VERSION = 3.0;
				TARGETED_DEVICE_FAMILY = "1,2";
			};
			name = Release;
		};
		A91EF75C1EF6A5FB00977DE5 /* Debug */ = {
			isa = XCBuildConfiguration;
			buildSettings = {
				ALWAYS_EMBED_SWIFT_STANDARD_LIBRARIES = YES;
				BUNDLE_LOADER = "$(TEST_HOST)";
				INFOPLIST_FILE = AmazingCacheSampleTests/Info.plist;
				LD_RUNPATH_SEARCH_PATHS = "$(inherited) @executable_path/Frameworks @loader_path/Frameworks";
				PRODUCT_BUNDLE_IDENTIFIER = com.brbs.AmazingCacheSampleTests;
				PRODUCT_NAME = "$(TARGET_NAME)";
				SWIFT_VERSION = 3.0;
				TARGETED_DEVICE_FAMILY = "1,2";
				TEST_HOST = "$(BUILT_PRODUCTS_DIR)/AmazingCacheSample.app/AmazingCacheSample";
			};
			name = Debug;
		};
		A91EF75D1EF6A5FB00977DE5 /* Release */ = {
			isa = XCBuildConfiguration;
			buildSettings = {
				ALWAYS_EMBED_SWIFT_STANDARD_LIBRARIES = YES;
				BUNDLE_LOADER = "$(TEST_HOST)";
				INFOPLIST_FILE = AmazingCacheSampleTests/Info.plist;
				LD_RUNPATH_SEARCH_PATHS = "$(inherited) @executable_path/Frameworks @loader_path/Frameworks";
				PRODUCT_BUNDLE_IDENTIFIER = com.brbs.AmazingCacheSampleTests;
				PRODUCT_NAME = "$(TARGET_NAME)";
				SWIFT_VERSION = 3.0;
				TARGETED_DEVICE_FAMILY = "1,2";
				TEST_HOST = "$(BUILT_PRODUCTS_DIR)/AmazingCacheSample.app/AmazingCacheSample";
			};
			name = Release;
		};
/* End XCBuildConfiguration section */

/* Begin XCConfigurationList section */
		A91EF7361EF6A5FA00977DE5 /* Build configuration list for PBXProject "AmazingCacheSample" */ = {
			isa = XCConfigurationList;
			buildConfigurations = (
				A91EF7561EF6A5FB00977DE5 /* Debug */,
				A91EF7571EF6A5FB00977DE5 /* Release */,
			);
			defaultConfigurationIsVisible = 0;
			defaultConfigurationName = Release;
		};
		A91EF7581EF6A5FB00977DE5 /* Build configuration list for PBXNativeTarget "AmazingCacheSample" */ = {
			isa = XCConfigurationList;
			buildConfigurations = (
				A91EF7591EF6A5FB00977DE5 /* Debug */,
				A91EF75A1EF6A5FB00977DE5 /* Release */,
			);
			defaultConfigurationIsVisible = 0;
			defaultConfigurationName = Release;
		};
		A91EF75B1EF6A5FB00977DE5 /* Build configuration list for PBXNativeTarget "AmazingCacheSampleTests" */ = {
			isa = XCConfigurationList;
			buildConfigurations = (
				A91EF75C1EF6A5FB00977DE5 /* Debug */,
				A91EF75D1EF6A5FB00977DE5 /* Release */,
			);
			defaultConfigurationIsVisible = 0;
			defaultConfigurationName = Release;
		};
/* End XCConfigurationList section */
	};
	rootObject = A91EF7331EF6A5FA00977DE5 /* Project object */;
}
